
Microsoft Visual Studio Solution File, Format Version 12.00
# Visual Studio Version 17
VisualStudioVersion = 17.9.34616.47
MinimumVisualStudioVersion = 10.0.40219.1
Project("{FAE04EC0-301F-11D3-BF4B-00C04F79EFBC}") = "ADO.NET", "ADO.NET\ADO.NET.csproj", "{A7FACFC7-388E-4528-97F6-71CAADE949E2}"
EndProject
Global
	GlobalSection(SolutionConfigurationPlatforms) = preSolution
		Debug|Any CPU = Debug|Any CPU
		Release|Any CPU = Release|Any CPU
	EndGlobalSection
	GlobalSection(ProjectConfigurationPlatforms) = postSolution
		{A7FACFC7-388E-4528-97F6-71CAADE949E2}.Debug|Any CPU.ActiveCfg = Debug|Any CPU
		{A7FACFC7-388E-4528-97F6-71CAADE949E2}.Debug|Any CPU.Build.0 = Debug|Any CPU
		{A7FACFC7-388E-4528-97F6-71CAADE949E2}.Release|Any CPU.ActiveCfg = Release|Any CPU
		{A7FACFC7-388E-4528-97F6-71CAADE949E2}.Release|Any CPU.Build.0 = Release|Any CPU
	EndGlobalSection
	GlobalSection(SolutionProperties) = preSolution
		HideSolutionNode = FALSE
	EndGlobalSection
	GlobalSection(ExtensibilityGlobals) = postSolution
		SolutionGuid = {05E33233-7E73-46FE-8FB2-1EA9DD973F2F}
	EndGlobalSection
EndGlobal
